// !$*UTF8*$!
{
	archiveVersion = 1;
	classes = {
	};
	objectVersion = 46;
	objects = {

/* Begin PBXBuildFile section */
		1767697018BB3C930028C562 /* Foundation.framework in Frameworks */ = {isa = PBXBuildFile; fileRef = 1767696F18BB3C930028C562 /* Foundation.framework */; };
		1767697218BB3C930028C562 /* CoreGraphics.framework in Frameworks */ = {isa = PBXBuildFile; fileRef = 1767697118BB3C930028C562 /* CoreGraphics.framework */; };
		1767697418BB3C930028C562 /* UIKit.framework in Frameworks */ = {isa = PBXBuildFile; fileRef = 1767697318BB3C930028C562 /* UIKit.framework */; };
		1767697A18BB3C930028C562 /* InfoPlist.strings in Resources */ = {isa = PBXBuildFile; fileRef = 1767697818BB3C930028C562 /* InfoPlist.strings */; };
		1767697C18BB3C930028C562 /* main.m in Sources */ = {isa = PBXBuildFile; fileRef = 1767697B18BB3C930028C562 /* main.m */; };
		1767698018BB3C930028C562 /* AppDelegate.m in Sources */ = {isa = PBXBuildFile; fileRef = 1767697F18BB3C930028C562 /* AppDelegate.m */; };
		1767698218BB3C930028C562 /* Images.xcassets in Resources */ = {isa = PBXBuildFile; fileRef = 1767698118BB3C930028C562 /* Images.xcassets */; };
		1767698918BB3C940028C562 /* XCTest.framework in Frameworks */ = {isa = PBXBuildFile; fileRef = 1767698818BB3C940028C562 /* XCTest.framework */; };
		1767698A18BB3C940028C562 /* Foundation.framework in Frameworks */ = {isa = PBXBuildFile; fileRef = 1767696F18BB3C930028C562 /* Foundation.framework */; };
		1767698B18BB3C940028C562 /* UIKit.framework in Frameworks */ = {isa = PBXBuildFile; fileRef = 1767697318BB3C930028C562 /* UIKit.framework */; };
		1767699318BB3C940028C562 /* InfoPlist.strings in Resources */ = {isa = PBXBuildFile; fileRef = 1767699118BB3C940028C562 /* InfoPlist.strings */; };
		1767699518BB3C940028C562 /* ISICbalanceTests.m in Sources */ = {isa = PBXBuildFile; fileRef = 1767699418BB3C940028C562 /* ISICbalanceTests.m */; };
		1793561C1909584700DF14F9 /* HTMLResponseSerializer.m in Sources */ = {isa = PBXBuildFile; fileRef = 1793561B1909584700DF14F9 /* HTMLResponseSerializer.m */; };
		1793562019095C1500DF14F9 /* BalanceViewController.m in Sources */ = {isa = PBXBuildFile; fileRef = 1793561E19095C1500DF14F9 /* BalanceViewController.m */; };
		1793562119095C1500DF14F9 /* BalanceViewController.xib in Resources */ = {isa = PBXBuildFile; fileRef = 1793561F19095C1500DF14F9 /* BalanceViewController.xib */; };
		17935625190998E400DF14F9 /* SettingsViewController.m in Sources */ = {isa = PBXBuildFile; fileRef = 17935623190998E400DF14F9 /* SettingsViewController.m */; };
		17935626190998E400DF14F9 /* SettingsViewController.xib in Resources */ = {isa = PBXBuildFile; fileRef = 17935624190998E400DF14F9 /* SettingsViewController.xib */; };
		1793562A1909999F00DF14F9 /* fontawesome.ttf in Resources */ = {isa = PBXBuildFile; fileRef = 179356291909999F00DF14F9 /* fontawesome.ttf */; };
		17F542BC1913CF6D000F23C3 /* PTSansBold.ttf in Resources */ = {isa = PBXBuildFile; fileRef = 17F542BA1913CF6D000F23C3 /* PTSansBold.ttf */; };
		17F542BD1913CF6D000F23C3 /* PTSansRegular.ttf in Resources */ = {isa = PBXBuildFile; fileRef = 17F542BB1913CF6D000F23C3 /* PTSansRegular.ttf */; };
		17F542C11913E32F000F23C3 /* accountIcon@2x.png in Resources */ = {isa = PBXBuildFile; fileRef = 17F542BF1913E32F000F23C3 /* accountIcon@2x.png */; };
		17F542C21913E32F000F23C3 /* reloadIcon@2x.png in Resources */ = {isa = PBXBuildFile; fileRef = 17F542C01913E32F000F23C3 /* reloadIcon@2x.png */; };
		17F542C41913FC6A000F23C3 /* janmisar@2x.png in Resources */ = {isa = PBXBuildFile; fileRef = 17F542C31913FC6A000F23C3 /* janmisar@2x.png */; };
		17F542C61913FCBF000F23C3 /* mightycreations@2x.png in Resources */ = {isa = PBXBuildFile; fileRef = 17F542C51913FCBF000F23C3 /* mightycreations@2x.png */; };
		29AE8C5AF41F99C35FAA232D /* libPods-ISICbalanceTests.a in Frameworks */ = {isa = PBXBuildFile; fileRef = 0DAC40733C6A6FD013DA8C9A /* libPods-ISICbalanceTests.a */; };
		3073FFA79952A528CAB61D81 /* libPods-ISICbalance.a in Frameworks */ = {isa = PBXBuildFile; fileRef = B5C0480648FBA0279F2DA12D /* libPods-ISICbalance.a */; };
/* End PBXBuildFile section */

/* Begin PBXContainerItemProxy section */
		1767698C18BB3C940028C562 /* PBXContainerItemProxy */ = {
			isa = PBXContainerItemProxy;
			containerPortal = 1767696418BB3C930028C562 /* Project object */;
			proxyType = 1;
			remoteGlobalIDString = 1767696B18BB3C930028C562;
			remoteInfo = ISICbalance;
		};
/* End PBXContainerItemProxy section */

/* Begin PBXFileReference section */
		0DAC40733C6A6FD013DA8C9A /* libPods-ISICbalanceTests.a */ = {isa = PBXFileReference; explicitFileType = archive.ar; includeInIndex = 0; path = "libPods-ISICbalanceTests.a"; sourceTree = BUILT_PRODUCTS_DIR; };
		1767696C18BB3C930028C562 /* ISICbalance.app */ = {isa = PBXFileReference; explicitFileType = wrapper.application; includeInIndex = 0; path = ISICbalance.app; sourceTree = BUILT_PRODUCTS_DIR; };
		1767696F18BB3C930028C562 /* Foundation.framework */ = {isa = PBXFileReference; lastKnownFileType = wrapper.framework; name = Foundation.framework; path = System/Library/Frameworks/Foundation.framework; sourceTree = SDKROOT; };
		1767697118BB3C930028C562 /* CoreGraphics.framework */ = {isa = PBXFileReference; lastKnownFileType = wrapper.framework; name = CoreGraphics.framework; path = System/Library/Frameworks/CoreGraphics.framework; sourceTree = SDKROOT; };
		1767697318BB3C930028C562 /* UIKit.framework */ = {isa = PBXFileReference; lastKnownFileType = wrapper.framework; name = UIKit.framework; path = System/Library/Frameworks/UIKit.framework; sourceTree = SDKROOT; };
		1767697718BB3C930028C562 /* ISICbalance-Info.plist */ = {isa = PBXFileReference; lastKnownFileType = text.plist.xml; path = "ISICbalance-Info.plist"; sourceTree = "<group>"; };
		1767697B18BB3C930028C562 /* main.m */ = {isa = PBXFileReference; lastKnownFileType = sourcecode.c.objc; path = main.m; sourceTree = "<group>"; };
		1767697D18BB3C930028C562 /* ISICbalance-Prefix.pch */ = {isa = PBXFileReference; lastKnownFileType = sourcecode.c.h; path = "ISICbalance-Prefix.pch"; sourceTree = "<group>"; };
		1767697E18BB3C930028C562 /* AppDelegate.h */ = {isa = PBXFileReference; lastKnownFileType = sourcecode.c.h; path = AppDelegate.h; sourceTree = "<group>"; };
		1767697F18BB3C930028C562 /* AppDelegate.m */ = {isa = PBXFileReference; lastKnownFileType = sourcecode.c.objc; path = AppDelegate.m; sourceTree = "<group>"; };
		1767698118BB3C930028C562 /* Images.xcassets */ = {isa = PBXFileReference; lastKnownFileType = folder.assetcatalog; path = Images.xcassets; sourceTree = "<group>"; };
		1767698718BB3C940028C562 /* ISICbalanceTests.xctest */ = {isa = PBXFileReference; explicitFileType = wrapper.cfbundle; includeInIndex = 0; path = ISICbalanceTests.xctest; sourceTree = BUILT_PRODUCTS_DIR; };
		1767698818BB3C940028C562 /* XCTest.framework */ = {isa = PBXFileReference; lastKnownFileType = wrapper.framework; name = XCTest.framework; path = Library/Frameworks/XCTest.framework; sourceTree = DEVELOPER_DIR; };
		1767699018BB3C940028C562 /* ISICbalanceTests-Info.plist */ = {isa = PBXFileReference; lastKnownFileType = text.plist.xml; path = "ISICbalanceTests-Info.plist"; sourceTree = "<group>"; };
		1767699418BB3C940028C562 /* ISICbalanceTests.m */ = {isa = PBXFileReference; lastKnownFileType = sourcecode.c.objc; path = ISICbalanceTests.m; sourceTree = "<group>"; };
		177F7B0A1915041700B37FFC /* cs */ = {isa = PBXFileReference; lastKnownFileType = text.plist.strings; name = cs; path = cs.lproj/InfoPlist.strings; sourceTree = "<group>"; };
		177F7B0B1915041800B37FFC /* cs */ = {isa = PBXFileReference; lastKnownFileType = text.plist.strings; name = cs; path = cs.lproj/InfoPlist.strings; sourceTree = "<group>"; };
		1793561A1909584700DF14F9 /* HTMLResponseSerializer.h */ = {isa = PBXFileReference; fileEncoding = 4; lastKnownFileType = sourcecode.c.h; path = HTMLResponseSerializer.h; sourceTree = "<group>"; };
		1793561B1909584700DF14F9 /* HTMLResponseSerializer.m */ = {isa = PBXFileReference; fileEncoding = 4; lastKnownFileType = sourcecode.c.objc; path = HTMLResponseSerializer.m; sourceTree = "<group>"; };
		1793561D19095C1500DF14F9 /* BalanceViewController.h */ = {isa = PBXFileReference; fileEncoding = 4; lastKnownFileType = sourcecode.c.h; path = BalanceViewController.h; sourceTree = "<group>"; };
		1793561E19095C1500DF14F9 /* BalanceViewController.m */ = {isa = PBXFileReference; fileEncoding = 4; lastKnownFileType = sourcecode.c.objc; path = BalanceViewController.m; sourceTree = "<group>"; };
		1793561F19095C1500DF14F9 /* BalanceViewController.xib */ = {isa = PBXFileReference; fileEncoding = 4; lastKnownFileType = file.xib; path = BalanceViewController.xib; sourceTree = "<group>"; };
		17935622190998E400DF14F9 /* SettingsViewController.h */ = {isa = PBXFileReference; fileEncoding = 4; lastKnownFileType = sourcecode.c.h; path = SettingsViewController.h; sourceTree = "<group>"; };
		17935623190998E400DF14F9 /* SettingsViewController.m */ = {isa = PBXFileReference; fileEncoding = 4; lastKnownFileType = sourcecode.c.objc; path = SettingsViewController.m; sourceTree = "<group>"; };
		17935624190998E400DF14F9 /* SettingsViewController.xib */ = {isa = PBXFileReference; fileEncoding = 4; lastKnownFileType = file.xib; path = SettingsViewController.xib; sourceTree = "<group>"; };
		179356291909999F00DF14F9 /* fontawesome.ttf */ = {isa = PBXFileReference; lastKnownFileType = file; path = fontawesome.ttf; sourceTree = "<group>"; };
		17F542BA1913CF6D000F23C3 /* PTSansBold.ttf */ = {isa = PBXFileReference; lastKnownFileType = file; path = PTSansBold.ttf; sourceTree = "<group>"; };
		17F542BB1913CF6D000F23C3 /* PTSansRegular.ttf */ = {isa = PBXFileReference; lastKnownFileType = file; path = PTSansRegular.ttf; sourceTree = "<group>"; };
		17F542BF1913E32F000F23C3 /* accountIcon@2x.png */ = {isa = PBXFileReference; lastKnownFileType = image.png; path = "accountIcon@2x.png"; sourceTree = "<group>"; };
		17F542C01913E32F000F23C3 /* reloadIcon@2x.png */ = {isa = PBXFileReference; lastKnownFileType = image.png; path = "reloadIcon@2x.png"; sourceTree = "<group>"; };
		17F542C31913FC6A000F23C3 /* janmisar@2x.png */ = {isa = PBXFileReference; lastKnownFileType = image.png; path = "janmisar@2x.png"; sourceTree = "<group>"; };
		17F542C51913FCBF000F23C3 /* mightycreations@2x.png */ = {isa = PBXFileReference; lastKnownFileType = image.png; path = "mightycreations@2x.png"; sourceTree = "<group>"; };
		2ECB4774200FBD9CAE5BE92A /* Pods-ISICbalance.release.xcconfig */ = {isa = PBXFileReference; includeInIndex = 1; lastKnownFileType = text.xcconfig; name = "Pods-ISICbalance.release.xcconfig"; path = "Pods/Target Support Files/Pods-ISICbalance/Pods-ISICbalance.release.xcconfig"; sourceTree = "<group>"; };
		B5C0480648FBA0279F2DA12D /* libPods-ISICbalance.a */ = {isa = PBXFileReference; explicitFileType = archive.ar; includeInIndex = 0; path = "libPods-ISICbalance.a"; sourceTree = BUILT_PRODUCTS_DIR; };
		BCF3E6446D8ECE6006C18D15 /* Pods-ISICbalanceTests.release.xcconfig */ = {isa = PBXFileReference; includeInIndex = 1; lastKnownFileType = text.xcconfig; name = "Pods-ISICbalanceTests.release.xcconfig"; path = "Pods/Target Support Files/Pods-ISICbalanceTests/Pods-ISICbalanceTests.release.xcconfig"; sourceTree = "<group>"; };
		CAEBAA1AE8AF59F9D0A6BCB6 /* Pods-ISICbalanceTests.debug.xcconfig */ = {isa = PBXFileReference; includeInIndex = 1; lastKnownFileType = text.xcconfig; name = "Pods-ISICbalanceTests.debug.xcconfig"; path = "Pods/Target Support Files/Pods-ISICbalanceTests/Pods-ISICbalanceTests.debug.xcconfig"; sourceTree = "<group>"; };
		F1954BB42D694779B8D1528C /* Pods-ISICbalance.debug.xcconfig */ = {isa = PBXFileReference; includeInIndex = 1; lastKnownFileType = text.xcconfig; name = "Pods-ISICbalance.debug.xcconfig"; path = "Pods/Target Support Files/Pods-ISICbalance/Pods-ISICbalance.debug.xcconfig"; sourceTree = "<group>"; };
/* End PBXFileReference section */

/* Begin PBXFrameworksBuildPhase section */
		1767696918BB3C930028C562 /* Frameworks */ = {
			isa = PBXFrameworksBuildPhase;
			buildActionMask = 2147483647;
			files = (
				1767697218BB3C930028C562 /* CoreGraphics.framework in Frameworks */,
				1767697418BB3C930028C562 /* UIKit.framework in Frameworks */,
				1767697018BB3C930028C562 /* Foundation.framework in Frameworks */,
				3073FFA79952A528CAB61D81 /* libPods-ISICbalance.a in Frameworks */,
			);
			runOnlyForDeploymentPostprocessing = 0;
		};
		1767698418BB3C940028C562 /* Frameworks */ = {
			isa = PBXFrameworksBuildPhase;
			buildActionMask = 2147483647;
			files = (
				1767698918BB3C940028C562 /* XCTest.framework in Frameworks */,
				1767698B18BB3C940028C562 /* UIKit.framework in Frameworks */,
				1767698A18BB3C940028C562 /* Foundation.framework in Frameworks */,
				29AE8C5AF41F99C35FAA232D /* libPods-ISICbalanceTests.a in Frameworks */,
			);
			runOnlyForDeploymentPostprocessing = 0;
		};
/* End PBXFrameworksBuildPhase section */

/* Begin PBXGroup section */
		1767696318BB3C930028C562 = {
			isa = PBXGroup;
			children = (
				1767697518BB3C930028C562 /* ISICbalance */,
				179356271909999F00DF14F9 /* Resources */,
				1767696E18BB3C930028C562 /* Frameworks */,
				1767696D18BB3C930028C562 /* Products */,
				1767698E18BB3C940028C562 /* ISICbalanceTests */,
				B4E88D872CC4B80CF3B1748C /* Pods */,
			);
			sourceTree = "<group>";
		};
		1767696D18BB3C930028C562 /* Products */ = {
			isa = PBXGroup;
			children = (
				1767696C18BB3C930028C562 /* ISICbalance.app */,
				1767698718BB3C940028C562 /* ISICbalanceTests.xctest */,
			);
			name = Products;
			sourceTree = "<group>";
		};
		1767696E18BB3C930028C562 /* Frameworks */ = {
			isa = PBXGroup;
			children = (
				1767696F18BB3C930028C562 /* Foundation.framework */,
				1767697118BB3C930028C562 /* CoreGraphics.framework */,
				1767697318BB3C930028C562 /* UIKit.framework */,
				1767698818BB3C940028C562 /* XCTest.framework */,
				B5C0480648FBA0279F2DA12D /* libPods-ISICbalance.a */,
				0DAC40733C6A6FD013DA8C9A /* libPods-ISICbalanceTests.a */,
			);
			name = Frameworks;
			sourceTree = "<group>";
		};
		1767697518BB3C930028C562 /* ISICbalance */ = {
			isa = PBXGroup;
			children = (
				1767697E18BB3C930028C562 /* AppDelegate.h */,
				1767697F18BB3C930028C562 /* AppDelegate.m */,
				1767698118BB3C930028C562 /* Images.xcassets */,
				1767697618BB3C930028C562 /* Supporting Files */,
				1793561A1909584700DF14F9 /* HTMLResponseSerializer.h */,
				1793561B1909584700DF14F9 /* HTMLResponseSerializer.m */,
				1793561D19095C1500DF14F9 /* BalanceViewController.h */,
				1793561E19095C1500DF14F9 /* BalanceViewController.m */,
				1793561F19095C1500DF14F9 /* BalanceViewController.xib */,
				17935622190998E400DF14F9 /* SettingsViewController.h */,
				17935623190998E400DF14F9 /* SettingsViewController.m */,
				17935624190998E400DF14F9 /* SettingsViewController.xib */,
			);
			path = ISICbalance;
			sourceTree = "<group>";
		};
		1767697618BB3C930028C562 /* Supporting Files */ = {
			isa = PBXGroup;
			children = (
				1767697718BB3C930028C562 /* ISICbalance-Info.plist */,
				1767697818BB3C930028C562 /* InfoPlist.strings */,
				1767697B18BB3C930028C562 /* main.m */,
				1767697D18BB3C930028C562 /* ISICbalance-Prefix.pch */,
			);
			name = "Supporting Files";
			sourceTree = "<group>";
		};
		1767698E18BB3C940028C562 /* ISICbalanceTests */ = {
			isa = PBXGroup;
			children = (
				1767699418BB3C940028C562 /* ISICbalanceTests.m */,
				1767698F18BB3C940028C562 /* Supporting Files */,
			);
			path = ISICbalanceTests;
			sourceTree = "<group>";
		};
		1767698F18BB3C940028C562 /* Supporting Files */ = {
			isa = PBXGroup;
			children = (
				1767699018BB3C940028C562 /* ISICbalanceTests-Info.plist */,
				1767699118BB3C940028C562 /* InfoPlist.strings */,
			);
			name = "Supporting Files";
			sourceTree = "<group>";
		};
		179356271909999F00DF14F9 /* Resources */ = {
			isa = PBXGroup;
			children = (
				17F542BE1913E32F000F23C3 /* Images */,
				179356281909999F00DF14F9 /* Fonts */,
			);
			path = Resources;
			sourceTree = SOURCE_ROOT;
		};
		179356281909999F00DF14F9 /* Fonts */ = {
			isa = PBXGroup;
			children = (
				17F542BA1913CF6D000F23C3 /* PTSansBold.ttf */,
				17F542BB1913CF6D000F23C3 /* PTSansRegular.ttf */,
				179356291909999F00DF14F9 /* fontawesome.ttf */,
			);
			path = Fonts;
			sourceTree = "<group>";
		};
		17F542BE1913E32F000F23C3 /* Images */ = {
			isa = PBXGroup;
			children = (
				17F542C51913FCBF000F23C3 /* mightycreations@2x.png */,
				17F542C31913FC6A000F23C3 /* janmisar@2x.png */,
				17F542BF1913E32F000F23C3 /* accountIcon@2x.png */,
				17F542C01913E32F000F23C3 /* reloadIcon@2x.png */,
			);
			path = Images;
			sourceTree = "<group>";
		};
		B4E88D872CC4B80CF3B1748C /* Pods */ = {
			isa = PBXGroup;
			children = (
				F1954BB42D694779B8D1528C /* Pods-ISICbalance.debug.xcconfig */,
				2ECB4774200FBD9CAE5BE92A /* Pods-ISICbalance.release.xcconfig */,
				CAEBAA1AE8AF59F9D0A6BCB6 /* Pods-ISICbalanceTests.debug.xcconfig */,
				BCF3E6446D8ECE6006C18D15 /* Pods-ISICbalanceTests.release.xcconfig */,
			);
			name = Pods;
			sourceTree = "<group>";
		};
/* End PBXGroup section */

/* Begin PBXNativeTarget section */
		1767696B18BB3C930028C562 /* ISICbalance */ = {
			isa = PBXNativeTarget;
			buildConfigurationList = 1767699818BB3C940028C562 /* Build configuration list for PBXNativeTarget "ISICbalance" */;
			buildPhases = (
				9E7AAD799E16C1614725303D /* [CP] Check Pods Manifest.lock */,
				1767696818BB3C930028C562 /* Sources */,
				1767696918BB3C930028C562 /* Frameworks */,
				1767696A18BB3C930028C562 /* Resources */,
				EA92310B883F6178735F8C21 /* [CP] Copy Pods Resources */,
			);
			buildRules = (
			);
			dependencies = (
			);
			name = ISICbalance;
			productName = ISICbalance;
			productReference = 1767696C18BB3C930028C562 /* ISICbalance.app */;
			productType = "com.apple.product-type.application";
		};
		1767698618BB3C940028C562 /* ISICbalanceTests */ = {
			isa = PBXNativeTarget;
			buildConfigurationList = 1767699B18BB3C940028C562 /* Build configuration list for PBXNativeTarget "ISICbalanceTests" */;
			buildPhases = (
				555B7AFCF919E7DCCFD0D022 /* [CP] Check Pods Manifest.lock */,
				1767698318BB3C940028C562 /* Sources */,
				1767698418BB3C940028C562 /* Frameworks */,
				1767698518BB3C940028C562 /* Resources */,
			);
			buildRules = (
			);
			dependencies = (
				1767698D18BB3C940028C562 /* PBXTargetDependency */,
			);
			name = ISICbalanceTests;
			productName = ISICbalanceTests;
			productReference = 1767698718BB3C940028C562 /* ISICbalanceTests.xctest */;
			productType = "com.apple.product-type.bundle.unit-test";
		};
/* End PBXNativeTarget section */

/* Begin PBXProject section */
		1767696418BB3C930028C562 /* Project object */ = {
			isa = PBXProject;
			attributes = {
				LastUpgradeCheck = 1010;
				ORGANIZATIONNAME = "Jan Mísař";
				TargetAttributes = {
					1767696B18BB3C930028C562 = {
						DevelopmentTeam = PXDF48X6VX;
						ProvisioningStyle = Manual;
					};
					1767698618BB3C940028C562 = {
						TestTargetID = 1767696B18BB3C930028C562;
					};
				};
			};
			buildConfigurationList = 1767696718BB3C930028C562 /* Build configuration list for PBXProject "ISICbalance" */;
			compatibilityVersion = "Xcode 3.2";
			developmentRegion = English;
			hasScannedForEncodings = 0;
			knownRegions = (
				en,
				cs,
			);
			mainGroup = 1767696318BB3C930028C562;
			productRefGroup = 1767696D18BB3C930028C562 /* Products */;
			projectDirPath = "";
			projectRoot = "";
			targets = (
				1767696B18BB3C930028C562 /* ISICbalance */,
				1767698618BB3C940028C562 /* ISICbalanceTests */,
			);
		};
/* End PBXProject section */

/* Begin PBXResourcesBuildPhase section */
		1767696A18BB3C930028C562 /* Resources */ = {
			isa = PBXResourcesBuildPhase;
			buildActionMask = 2147483647;
			files = (
				1793562119095C1500DF14F9 /* BalanceViewController.xib in Resources */,
				17F542C41913FC6A000F23C3 /* janmisar@2x.png in Resources */,
				1767697A18BB3C930028C562 /* InfoPlist.strings in Resources */,
				17F542BD1913CF6D000F23C3 /* PTSansRegular.ttf in Resources */,
				1767698218BB3C930028C562 /* Images.xcassets in Resources */,
				17F542BC1913CF6D000F23C3 /* PTSansBold.ttf in Resources */,
				17935626190998E400DF14F9 /* SettingsViewController.xib in Resources */,
				17F542C61913FCBF000F23C3 /* mightycreations@2x.png in Resources */,
				17F542C21913E32F000F23C3 /* reloadIcon@2x.png in Resources */,
				1793562A1909999F00DF14F9 /* fontawesome.ttf in Resources */,
				17F542C11913E32F000F23C3 /* accountIcon@2x.png in Resources */,
			);
			runOnlyForDeploymentPostprocessing = 0;
		};
		1767698518BB3C940028C562 /* Resources */ = {
			isa = PBXResourcesBuildPhase;
			buildActionMask = 2147483647;
			files = (
				1767699318BB3C940028C562 /* InfoPlist.strings in Resources */,
			);
			runOnlyForDeploymentPostprocessing = 0;
		};
/* End PBXResourcesBuildPhase section */

/* Begin PBXShellScriptBuildPhase section */
		555B7AFCF919E7DCCFD0D022 /* [CP] Check Pods Manifest.lock */ = {
			isa = PBXShellScriptBuildPhase;
			buildActionMask = 2147483647;
			files = (
			);
			inputPaths = (
				"${PODS_PODFILE_DIR_PATH}/Podfile.lock",
				"${PODS_ROOT}/Manifest.lock",
			);
			name = "[CP] Check Pods Manifest.lock";
			outputPaths = (
				"$(DERIVED_FILE_DIR)/Pods-ISICbalanceTests-checkManifestLockResult.txt",
			);
			runOnlyForDeploymentPostprocessing = 0;
			shellPath = /bin/sh;
			shellScript = "diff \"${PODS_PODFILE_DIR_PATH}/Podfile.lock\" \"${PODS_ROOT}/Manifest.lock\" > /dev/null\nif [ $? != 0 ] ; then\n    # print error to STDERR\n    echo \"error: The sandbox is not in sync with the Podfile.lock. Run 'pod install' or update your CocoaPods installation.\" >&2\n    exit 1\nfi\n# This output is used by Xcode 'outputs' to avoid re-running this script phase.\necho \"SUCCESS\" > \"${SCRIPT_OUTPUT_FILE_0}\"\n";
			showEnvVarsInLog = 0;
		};
		9E7AAD799E16C1614725303D /* [CP] Check Pods Manifest.lock */ = {
			isa = PBXShellScriptBuildPhase;
			buildActionMask = 2147483647;
			files = (
			);
			inputPaths = (
				"${PODS_PODFILE_DIR_PATH}/Podfile.lock",
				"${PODS_ROOT}/Manifest.lock",
			);
			name = "[CP] Check Pods Manifest.lock";
			outputPaths = (
				"$(DERIVED_FILE_DIR)/Pods-ISICbalance-checkManifestLockResult.txt",
			);
			runOnlyForDeploymentPostprocessing = 0;
			shellPath = /bin/sh;
			shellScript = "diff \"${PODS_PODFILE_DIR_PATH}/Podfile.lock\" \"${PODS_ROOT}/Manifest.lock\" > /dev/null\nif [ $? != 0 ] ; then\n    # print error to STDERR\n    echo \"error: The sandbox is not in sync with the Podfile.lock. Run 'pod install' or update your CocoaPods installation.\" >&2\n    exit 1\nfi\n# This output is used by Xcode 'outputs' to avoid re-running this script phase.\necho \"SUCCESS\" > \"${SCRIPT_OUTPUT_FILE_0}\"\n";
			showEnvVarsInLog = 0;
		};
		EA92310B883F6178735F8C21 /* [CP] Copy Pods Resources */ = {
			isa = PBXShellScriptBuildPhase;
			buildActionMask = 2147483647;
			files = (
			);
			inputPaths = (
				"${PODS_ROOT}/Target Support Files/Pods-ISICbalance/Pods-ISICbalance-resources.sh",
				"${PODS_ROOT}/SVProgressHUD/SVProgressHUD/SVProgressHUD.bundle",
			);
			name = "[CP] Copy Pods Resources";
			outputPaths = (
				"${TARGET_BUILD_DIR}/${UNLOCALIZED_RESOURCES_FOLDER_PATH}/SVProgressHUD.bundle",
			);
			runOnlyForDeploymentPostprocessing = 0;
			shellPath = /bin/sh;
			shellScript = "\"${PODS_ROOT}/Target Support Files/Pods-ISICbalance/Pods-ISICbalance-resources.sh\"\n";
			showEnvVarsInLog = 0;
		};
/* End PBXShellScriptBuildPhase section */

/* Begin PBXSourcesBuildPhase section */
		1767696818BB3C930028C562 /* Sources */ = {
			isa = PBXSourcesBuildPhase;
			buildActionMask = 2147483647;
			files = (
				1767698018BB3C930028C562 /* AppDelegate.m in Sources */,
				1793561C1909584700DF14F9 /* HTMLResponseSerializer.m in Sources */,
				17935625190998E400DF14F9 /* SettingsViewController.m in Sources */,
				1767697C18BB3C930028C562 /* main.m in Sources */,
				1793562019095C1500DF14F9 /* BalanceViewController.m in Sources */,
			);
			runOnlyForDeploymentPostprocessing = 0;
		};
		1767698318BB3C940028C562 /* Sources */ = {
			isa = PBXSourcesBuildPhase;
			buildActionMask = 2147483647;
			files = (
				1767699518BB3C940028C562 /* ISICbalanceTests.m in Sources */,
			);
			runOnlyForDeploymentPostprocessing = 0;
		};
/* End PBXSourcesBuildPhase section */

/* Begin PBXTargetDependency section */
		1767698D18BB3C940028C562 /* PBXTargetDependency */ = {
			isa = PBXTargetDependency;
			target = 1767696B18BB3C930028C562 /* ISICbalance */;
			targetProxy = 1767698C18BB3C940028C562 /* PBXContainerItemProxy */;
		};
/* End PBXTargetDependency section */

/* Begin PBXVariantGroup section */
		1767697818BB3C930028C562 /* InfoPlist.strings */ = {
			isa = PBXVariantGroup;
			children = (
				177F7B0A1915041700B37FFC /* cs */,
			);
			name = InfoPlist.strings;
			sourceTree = "<group>";
		};
		1767699118BB3C940028C562 /* InfoPlist.strings */ = {
			isa = PBXVariantGroup;
			children = (
				177F7B0B1915041800B37FFC /* cs */,
			);
			name = InfoPlist.strings;
			sourceTree = "<group>";
		};
/* End PBXVariantGroup section */

/* Begin XCBuildConfiguration section */
		1767699618BB3C940028C562 /* Debug */ = {
			isa = XCBuildConfiguration;
			buildSettings = {
				ALWAYS_SEARCH_USER_PATHS = NO;
				CLANG_ANALYZER_LOCALIZABILITY_NONLOCALIZED = YES;
				CLANG_CXX_LANGUAGE_STANDARD = "gnu++0x";
				CLANG_CXX_LIBRARY = "libc++";
				CLANG_ENABLE_MODULES = YES;
				CLANG_ENABLE_OBJC_ARC = YES;
				CLANG_WARN_BLOCK_CAPTURE_AUTORELEASING = YES;
				CLANG_WARN_BOOL_CONVERSION = YES;
				CLANG_WARN_COMMA = YES;
				CLANG_WARN_CONSTANT_CONVERSION = YES;
				CLANG_WARN_DEPRECATED_OBJC_IMPLEMENTATIONS = YES;
				CLANG_WARN_DIRECT_OBJC_ISA_USAGE = YES_ERROR;
				CLANG_WARN_EMPTY_BODY = YES;
				CLANG_WARN_ENUM_CONVERSION = YES;
				CLANG_WARN_INFINITE_RECURSION = YES;
				CLANG_WARN_INT_CONVERSION = YES;
				CLANG_WARN_NON_LITERAL_NULL_CONVERSION = YES;
				CLANG_WARN_OBJC_IMPLICIT_RETAIN_SELF = YES;
				CLANG_WARN_OBJC_LITERAL_CONVERSION = YES;
				CLANG_WARN_OBJC_ROOT_CLASS = YES_ERROR;
				CLANG_WARN_RANGE_LOOP_ANALYSIS = YES;
				CLANG_WARN_STRICT_PROTOTYPES = YES;
				CLANG_WARN_SUSPICIOUS_MOVE = YES;
				CLANG_WARN_UNREACHABLE_CODE = YES;
				CLANG_WARN__DUPLICATE_METHOD_MATCH = YES;
				"CODE_SIGN_IDENTITY[sdk=iphoneos*]" = "iPhone Developer";
				COPY_PHASE_STRIP = NO;
				ENABLE_STRICT_OBJC_MSGSEND = YES;
				ENABLE_TESTABILITY = YES;
				GCC_C_LANGUAGE_STANDARD = gnu99;
				GCC_DYNAMIC_NO_PIC = NO;
				GCC_NO_COMMON_BLOCKS = YES;
				GCC_OPTIMIZATION_LEVEL = 0;
				GCC_PREPROCESSOR_DEFINITIONS = (
					"DEBUG=1",
					"$(inherited)",
				);
				GCC_SYMBOLS_PRIVATE_EXTERN = NO;
				GCC_WARN_64_TO_32_BIT_CONVERSION = YES;
				GCC_WARN_ABOUT_RETURN_TYPE = YES_ERROR;
				GCC_WARN_UNDECLARED_SELECTOR = YES;
				GCC_WARN_UNINITIALIZED_AUTOS = YES;
				GCC_WARN_UNUSED_FUNCTION = YES;
				GCC_WARN_UNUSED_VARIABLE = YES;
				IPHONEOS_DEPLOYMENT_TARGET = 8.0;
				ONLY_ACTIVE_ARCH = YES;
				SDKROOT = iphoneos;
			};
			name = Debug;
		};
		1767699718BB3C940028C562 /* Release */ = {
			isa = XCBuildConfiguration;
			buildSettings = {
				ALWAYS_SEARCH_USER_PATHS = NO;
				CLANG_ANALYZER_LOCALIZABILITY_NONLOCALIZED = YES;
				CLANG_CXX_LANGUAGE_STANDARD = "gnu++0x";
				CLANG_CXX_LIBRARY = "libc++";
				CLANG_ENABLE_MODULES = YES;
				CLANG_ENABLE_OBJC_ARC = YES;
				CLANG_WARN_BLOCK_CAPTURE_AUTORELEASING = YES;
				CLANG_WARN_BOOL_CONVERSION = YES;
				CLANG_WARN_COMMA = YES;
				CLANG_WARN_CONSTANT_CONVERSION = YES;
				CLANG_WARN_DEPRECATED_OBJC_IMPLEMENTATIONS = YES;
				CLANG_WARN_DIRECT_OBJC_ISA_USAGE = YES_ERROR;
				CLANG_WARN_EMPTY_BODY = YES;
				CLANG_WARN_ENUM_CONVERSION = YES;
				CLANG_WARN_INFINITE_RECURSION = YES;
				CLANG_WARN_INT_CONVERSION = YES;
				CLANG_WARN_NON_LITERAL_NULL_CONVERSION = YES;
				CLANG_WARN_OBJC_IMPLICIT_RETAIN_SELF = YES;
				CLANG_WARN_OBJC_LITERAL_CONVERSION = YES;
				CLANG_WARN_OBJC_ROOT_CLASS = YES_ERROR;
				CLANG_WARN_RANGE_LOOP_ANALYSIS = YES;
				CLANG_WARN_STRICT_PROTOTYPES = YES;
				CLANG_WARN_SUSPICIOUS_MOVE = YES;
				CLANG_WARN_UNREACHABLE_CODE = YES;
				CLANG_WARN__DUPLICATE_METHOD_MATCH = YES;
				"CODE_SIGN_IDENTITY[sdk=iphoneos*]" = "iPhone Developer";
				COPY_PHASE_STRIP = YES;
				ENABLE_NS_ASSERTIONS = NO;
				ENABLE_STRICT_OBJC_MSGSEND = YES;
				GCC_C_LANGUAGE_STANDARD = gnu99;
				GCC_NO_COMMON_BLOCKS = YES;
				GCC_WARN_64_TO_32_BIT_CONVERSION = YES;
				GCC_WARN_ABOUT_RETURN_TYPE = YES_ERROR;
				GCC_WARN_UNDECLARED_SELECTOR = YES;
				GCC_WARN_UNINITIALIZED_AUTOS = YES;
				GCC_WARN_UNUSED_FUNCTION = YES;
				GCC_WARN_UNUSED_VARIABLE = YES;
				IPHONEOS_DEPLOYMENT_TARGET = 8.0;
				SDKROOT = iphoneos;
				VALIDATE_PRODUCT = YES;
			};
			name = Release;
		};
		1767699918BB3C940028C562 /* Debug */ = {
			isa = XCBuildConfiguration;
			baseConfigurationReference = F1954BB42D694779B8D1528C /* Pods-ISICbalance.debug.xcconfig */;
			buildSettings = {
				ASSETCATALOG_COMPILER_APPICON_NAME = AppIcon;
				ASSETCATALOG_COMPILER_LAUNCHIMAGE_NAME = LaunchImage;
				CODE_SIGN_IDENTITY = "iPhone Developer: Pan Unicorn (48SP5J5YBN)";
				DEVELOPMENT_TEAM = PXDF48X6VX;
				GCC_PRECOMPILE_PREFIX_HEADER = YES;
				GCC_PREFIX_HEADER = "ISICbalance/ISICbalance-Prefix.pch";
				INFOPLIST_FILE = "ISICbalance/ISICbalance-Info.plist";
				IPHONEOS_DEPLOYMENT_TARGET = 8.0;
				PRODUCT_BUNDLE_IDENTIFIER = cz.ackee.enterprise.isic.dev;
				PRODUCT_NAME = "$(TARGET_NAME)";
				PROVISIONING_PROFILE = "35586bca-bf98-4bd7-a55f-6c242c781bec";
				PROVISIONING_PROFILE_SPECIFIER = "match Development cz.ackee.enterprise.*";
				TARGETED_DEVICE_FAMILY = 1;
				WRAPPER_EXTENSION = app;
			};
			name = Debug;
		};
		1767699A18BB3C940028C562 /* Release */ = {
			isa = XCBuildConfiguration;
			baseConfigurationReference = 2ECB4774200FBD9CAE5BE92A /* Pods-ISICbalance.release.xcconfig */;
			buildSettings = {
				ASSETCATALOG_COMPILER_APPICON_NAME = AppIcon;
				ASSETCATALOG_COMPILER_LAUNCHIMAGE_NAME = LaunchImage;
				CODE_SIGN_IDENTITY = "iPhone Developer";
				DEVELOPMENT_TEAM = "";
				GCC_PRECOMPILE_PREFIX_HEADER = YES;
				GCC_PREFIX_HEADER = "ISICbalance/ISICbalance-Prefix.pch";
				INFOPLIST_FILE = "ISICbalance/ISICbalance-Info.plist";
				IPHONEOS_DEPLOYMENT_TARGET = 8.0;
				PRODUCT_BUNDLE_IDENTIFIER = cz.ackee.enterprise.isic.dev;
				PRODUCT_NAME = "$(TARGET_NAME)";
				PROVISIONING_PROFILE_SPECIFIER = "";
				TARGETED_DEVICE_FAMILY = 1;
				WRAPPER_EXTENSION = app;
			};
			name = Release;
		};
		1767699C18BB3C940028C562 /* Debug */ = {
			isa = XCBuildConfiguration;
			baseConfigurationReference = CAEBAA1AE8AF59F9D0A6BCB6 /* Pods-ISICbalanceTests.debug.xcconfig */;
			buildSettings = {
				BUNDLE_LOADER = "$(BUILT_PRODUCTS_DIR)/ISICbalance.app/ISICbalance";
				FRAMEWORK_SEARCH_PATHS = (
					"$(SDKROOT)/Developer/Library/Frameworks",
					"$(inherited)",
					"$(DEVELOPER_FRAMEWORKS_DIR)",
				);
				GCC_PRECOMPILE_PREFIX_HEADER = YES;
				GCC_PREFIX_HEADER = "ISICbalance/ISICbalance-Prefix.pch";
				GCC_PREPROCESSOR_DEFINITIONS = (
					"DEBUG=1",
					"$(inherited)",
				);
				INFOPLIST_FILE = "ISICbalanceTests/ISICbalanceTests-Info.plist";
				PRODUCT_BUNDLE_IDENTIFIER = "cz.janmisar.${PRODUCT_NAME:rfc1034identifier}";
				PRODUCT_NAME = "$(TARGET_NAME)";
				TEST_HOST = "$(BUNDLE_LOADER)";
				WRAPPER_EXTENSION = xctest;
			};
			name = Debug;
		};
		1767699D18BB3C940028C562 /* Release */ = {
			isa = XCBuildConfiguration;
			baseConfigurationReference = BCF3E6446D8ECE6006C18D15 /* Pods-ISICbalanceTests.release.xcconfig */;
			buildSettings = {
				BUNDLE_LOADER = "$(BUILT_PRODUCTS_DIR)/ISICbalance.app/ISICbalance";
				FRAMEWORK_SEARCH_PATHS = (
					"$(SDKROOT)/Developer/Library/Frameworks",
					"$(inherited)",
					"$(DEVELOPER_FRAMEWORKS_DIR)",
				);
				GCC_PRECOMPILE_PREFIX_HEADER = YES;
				GCC_PREFIX_HEADER = "ISICbalance/ISICbalance-Prefix.pch";
				INFOPLIST_FILE = "ISICbalanceTests/ISICbalanceTests-Info.plist";
				PRODUCT_BUNDLE_IDENTIFIER = "cz.janmisar.${PRODUCT_NAME:rfc1034identifier}";
				PRODUCT_NAME = "$(TARGET_NAME)";
				TEST_HOST = "$(BUNDLE_LOADER)";
				WRAPPER_EXTENSION = xctest;
			};
			name = Release;
		};
/* End XCBuildConfiguration section */

/* Begin XCConfigurationList section */
		1767696718BB3C930028C562 /* Build configuration list for PBXProject "ISICbalance" */ = {
			isa = XCConfigurationList;
			buildConfigurations = (
				1767699618BB3C940028C562 /* Debug */,
				1767699718BB3C940028C562 /* Release */,
			);
			defaultConfigurationIsVisible = 0;
			defaultConfigurationName = Release;
		};
		1767699818BB3C940028C562 /* Build configuration list for PBXNativeTarget "ISICbalance" */ = {
			isa = XCConfigurationList;
			buildConfigurations = (
				1767699918BB3C940028C562 /* Debug */,
				1767699A18BB3C940028C562 /* Release */,
			);
			defaultConfigurationIsVisible = 0;
			defaultConfigurationName = Release;
		};
		1767699B18BB3C940028C562 /* Build configuration list for PBXNativeTarget "ISICbalanceTests" */ = {
			isa = XCConfigurationList;
			buildConfigurations = (
				1767699C18BB3C940028C562 /* Debug */,
				1767699D18BB3C940028C562 /* Release */,
			);
			defaultConfigurationIsVisible = 0;
			defaultConfigurationName = Release;
		};
/* End XCConfigurationList section */
	};
	rootObject = 1767696418BB3C930028C562 /* Project object */;
}
