// !$*UTF8*$!
{
	archiveVersion = 1;
	classes = {
	};
	objectVersion = 50;
	objects = {

/* Begin PBXAggregateTarget section */
		14C1904B2235A46F0033616E /* Localization */ = {
			isa = PBXAggregateTarget;
			buildConfigurationList = 14C1904C2235A4700033616E /* Build configuration list for PBXAggregateTarget "Localization" */;
			buildPhases = (
				14C1904F2235A4770033616E /* Download from spreadsheet */,
			);
			dependencies = (
			);
			name = Localization;
			productName = Localization;
		};
/* End PBXAggregateTarget section */

/* Begin PBXBuildFile section */
		14C19015223596DB0033616E /* AppDelegate.swift in Sources */ = {isa = PBXBuildFile; fileRef = 14C19014223596DB0033616E /* AppDelegate.swift */; };
		14C19017223596DB0033616E /* ViewController.swift in Sources */ = {isa = PBXBuildFile; fileRef = 14C19016223596DB0033616E /* ViewController.swift */; };
		14C1901A223596DB0033616E /* Main.storyboard in Resources */ = {isa = PBXBuildFile; fileRef = 14C19018223596DB0033616E /* Main.storyboard */; };
		14C1901C223596DC0033616E /* Assets.xcassets in Resources */ = {isa = PBXBuildFile; fileRef = 14C1901B223596DC0033616E /* Assets.xcassets */; };
		14C1901F223596DC0033616E /* LaunchScreen.storyboard in Resources */ = {isa = PBXBuildFile; fileRef = 14C1901D223596DC0033616E /* LaunchScreen.storyboard */; };
		14C1902A223596DC0033616E /* ISICbalanceTests.swift in Sources */ = {isa = PBXBuildFile; fileRef = 14C19029223596DC0033616E /* ISICbalanceTests.swift */; };
		14C19035223596DC0033616E /* ISICbalanceUITests.swift in Sources */ = {isa = PBXBuildFile; fileRef = 14C19034223596DC0033616E /* ISICbalanceUITests.swift */; };
		14C190462235A2710033616E /* Localizable.strings in Resources */ = {isa = PBXBuildFile; fileRef = 14C190482235A2710033616E /* Localizable.strings */; };
		1F133E73A35C79E8A49431F1 /* Pods_ISICbalanceUITests.framework in Frameworks */ = {isa = PBXBuildFile; fileRef = E56364188DEDFD08CFA79962 /* Pods_ISICbalanceUITests.framework */; };
		8D198343AA872091CE09B8E4 /* Pods_ISICbalanceTests.framework in Frameworks */ = {isa = PBXBuildFile; fileRef = A7FB51DD061D9D54ABBC90BC /* Pods_ISICbalanceTests.framework */; };
		F7513314E4C62A9C2C2F873B /* Pods_ISICbalance.framework in Frameworks */ = {isa = PBXBuildFile; fileRef = D57334989AA940BFE89FD5F0 /* Pods_ISICbalance.framework */; };
/* End PBXBuildFile section */

/* Begin PBXContainerItemProxy section */
		14C19026223596DC0033616E /* PBXContainerItemProxy */ = {
			isa = PBXContainerItemProxy;
			containerPortal = 14C19009223596DB0033616E /* Project object */;
			proxyType = 1;
			remoteGlobalIDString = 14C19010223596DB0033616E;
			remoteInfo = ISICbalance;
		};
		14C19031223596DC0033616E /* PBXContainerItemProxy */ = {
			isa = PBXContainerItemProxy;
			containerPortal = 14C19009223596DB0033616E /* Project object */;
			proxyType = 1;
			remoteGlobalIDString = 14C19010223596DB0033616E;
			remoteInfo = ISICbalance;
		};
/* End PBXContainerItemProxy section */

/* Begin PBXFileReference section */
		14C19011223596DB0033616E /* ISICbalance.app */ = {isa = PBXFileReference; explicitFileType = wrapper.application; includeInIndex = 0; path = ISICbalance.app; sourceTree = BUILT_PRODUCTS_DIR; };
		14C19014223596DB0033616E /* AppDelegate.swift */ = {isa = PBXFileReference; lastKnownFileType = sourcecode.swift; path = AppDelegate.swift; sourceTree = "<group>"; };
		14C19016223596DB0033616E /* ViewController.swift */ = {isa = PBXFileReference; lastKnownFileType = sourcecode.swift; path = ViewController.swift; sourceTree = "<group>"; };
		14C19019223596DB0033616E /* Base */ = {isa = PBXFileReference; lastKnownFileType = file.storyboard; name = Base; path = Base.lproj/Main.storyboard; sourceTree = "<group>"; };
		14C1901B223596DC0033616E /* Assets.xcassets */ = {isa = PBXFileReference; lastKnownFileType = folder.assetcatalog; path = Assets.xcassets; sourceTree = "<group>"; };
		14C1901E223596DC0033616E /* Base */ = {isa = PBXFileReference; lastKnownFileType = file.storyboard; name = Base; path = Base.lproj/LaunchScreen.storyboard; sourceTree = "<group>"; };
		14C19020223596DC0033616E /* Info.plist */ = {isa = PBXFileReference; lastKnownFileType = text.plist.xml; path = Info.plist; sourceTree = "<group>"; };
		14C19025223596DC0033616E /* ISICbalanceTests.xctest */ = {isa = PBXFileReference; explicitFileType = wrapper.cfbundle; includeInIndex = 0; path = ISICbalanceTests.xctest; sourceTree = BUILT_PRODUCTS_DIR; };
		14C19029223596DC0033616E /* ISICbalanceTests.swift */ = {isa = PBXFileReference; lastKnownFileType = sourcecode.swift; path = ISICbalanceTests.swift; sourceTree = "<group>"; };
		14C1902B223596DC0033616E /* Info.plist */ = {isa = PBXFileReference; lastKnownFileType = text.plist.xml; path = Info.plist; sourceTree = "<group>"; };
		14C19030223596DC0033616E /* ISICbalanceUITests.xctest */ = {isa = PBXFileReference; explicitFileType = wrapper.cfbundle; includeInIndex = 0; path = ISICbalanceUITests.xctest; sourceTree = BUILT_PRODUCTS_DIR; };
		14C19034223596DC0033616E /* ISICbalanceUITests.swift */ = {isa = PBXFileReference; lastKnownFileType = sourcecode.swift; path = ISICbalanceUITests.swift; sourceTree = "<group>"; };
		14C19036223596DC0033616E /* Info.plist */ = {isa = PBXFileReference; lastKnownFileType = text.plist.xml; path = Info.plist; sourceTree = "<group>"; };
		14C190472235A2710033616E /* en */ = {isa = PBXFileReference; lastKnownFileType = text.plist.strings; name = en; path = en.lproj/Localizable.strings; sourceTree = "<group>"; };
		14C190492235A2840033616E /* cs */ = {isa = PBXFileReference; lastKnownFileType = text.plist.strings; name = cs; path = cs.lproj/Localizable.strings; sourceTree = "<group>"; };
		29197844DA02E62F1CA90ECA /* Pods-ISICbalanceUITests.release.xcconfig */ = {isa = PBXFileReference; includeInIndex = 1; lastKnownFileType = text.xcconfig; name = "Pods-ISICbalanceUITests.release.xcconfig"; path = "Target Support Files/Pods-ISICbalanceUITests/Pods-ISICbalanceUITests.release.xcconfig"; sourceTree = "<group>"; };
		5A0EB4EB1D11AA9D0D4745C2 /* Pods-ISICbalanceTests.release.xcconfig */ = {isa = PBXFileReference; includeInIndex = 1; lastKnownFileType = text.xcconfig; name = "Pods-ISICbalanceTests.release.xcconfig"; path = "Target Support Files/Pods-ISICbalanceTests/Pods-ISICbalanceTests.release.xcconfig"; sourceTree = "<group>"; };
		7695F100D2C06E2BFAABBB76 /* Pods-ISICbalance.release.xcconfig */ = {isa = PBXFileReference; includeInIndex = 1; lastKnownFileType = text.xcconfig; name = "Pods-ISICbalance.release.xcconfig"; path = "Target Support Files/Pods-ISICbalance/Pods-ISICbalance.release.xcconfig"; sourceTree = "<group>"; };
		777FB23EEB0700F21DAC4BFD /* Pods-ISICbalanceTests.debug.xcconfig */ = {isa = PBXFileReference; includeInIndex = 1; lastKnownFileType = text.xcconfig; name = "Pods-ISICbalanceTests.debug.xcconfig"; path = "Target Support Files/Pods-ISICbalanceTests/Pods-ISICbalanceTests.debug.xcconfig"; sourceTree = "<group>"; };
		793F80F41DAF4DBA58281D3B /* Pods-ISICbalanceUITests.debug.xcconfig */ = {isa = PBXFileReference; includeInIndex = 1; lastKnownFileType = text.xcconfig; name = "Pods-ISICbalanceUITests.debug.xcconfig"; path = "Target Support Files/Pods-ISICbalanceUITests/Pods-ISICbalanceUITests.debug.xcconfig"; sourceTree = "<group>"; };
		A7FB51DD061D9D54ABBC90BC /* Pods_ISICbalanceTests.framework */ = {isa = PBXFileReference; explicitFileType = wrapper.framework; includeInIndex = 0; path = Pods_ISICbalanceTests.framework; sourceTree = BUILT_PRODUCTS_DIR; };
		C12E42D178DE26A99EA63740 /* Pods-ISICbalance.debug.xcconfig */ = {isa = PBXFileReference; includeInIndex = 1; lastKnownFileType = text.xcconfig; name = "Pods-ISICbalance.debug.xcconfig"; path = "Target Support Files/Pods-ISICbalance/Pods-ISICbalance.debug.xcconfig"; sourceTree = "<group>"; };
		D57334989AA940BFE89FD5F0 /* Pods_ISICbalance.framework */ = {isa = PBXFileReference; explicitFileType = wrapper.framework; includeInIndex = 0; path = Pods_ISICbalance.framework; sourceTree = BUILT_PRODUCTS_DIR; };
		E56364188DEDFD08CFA79962 /* Pods_ISICbalanceUITests.framework */ = {isa = PBXFileReference; explicitFileType = wrapper.framework; includeInIndex = 0; path = Pods_ISICbalanceUITests.framework; sourceTree = BUILT_PRODUCTS_DIR; };
/* End PBXFileReference section */

/* Begin PBXFrameworksBuildPhase section */
		14C1900E223596DB0033616E /* Frameworks */ = {
			isa = PBXFrameworksBuildPhase;
			buildActionMask = 2147483647;
			files = (
				F7513314E4C62A9C2C2F873B /* Pods_ISICbalance.framework in Frameworks */,
			);
			runOnlyForDeploymentPostprocessing = 0;
		};
		14C19022223596DC0033616E /* Frameworks */ = {
			isa = PBXFrameworksBuildPhase;
			buildActionMask = 2147483647;
			files = (
				8D198343AA872091CE09B8E4 /* Pods_ISICbalanceTests.framework in Frameworks */,
			);
			runOnlyForDeploymentPostprocessing = 0;
		};
		14C1902D223596DC0033616E /* Frameworks */ = {
			isa = PBXFrameworksBuildPhase;
			buildActionMask = 2147483647;
			files = (
				1F133E73A35C79E8A49431F1 /* Pods_ISICbalanceUITests.framework in Frameworks */,
			);
			runOnlyForDeploymentPostprocessing = 0;
		};
/* End PBXFrameworksBuildPhase section */

/* Begin PBXGroup section */
		14C19008223596DB0033616E = {
			isa = PBXGroup;
			children = (
				14C19013223596DB0033616E /* ISICbalance */,
				14C19028223596DC0033616E /* ISICbalanceTests */,
				14C19033223596DC0033616E /* ISICbalanceUITests */,
				14C19012223596DB0033616E /* Products */,
				2B72B8C664D21E0754CB91FE /* Pods */,
				AD462197CDB172B06184ADBD /* Frameworks */,
			);
			sourceTree = "<group>";
		};
		14C19012223596DB0033616E /* Products */ = {
			isa = PBXGroup;
			children = (
				14C19011223596DB0033616E /* ISICbalance.app */,
				14C19025223596DC0033616E /* ISICbalanceTests.xctest */,
				14C19030223596DC0033616E /* ISICbalanceUITests.xctest */,
			);
			name = Products;
			sourceTree = "<group>";
		};
		14C19013223596DB0033616E /* ISICbalance */ = {
			isa = PBXGroup;
			children = (
				14C19014223596DB0033616E /* AppDelegate.swift */,
				14C19016223596DB0033616E /* ViewController.swift */,
				14C19018223596DB0033616E /* Main.storyboard */,
				14C1901B223596DC0033616E /* Assets.xcassets */,
				14C1901D223596DC0033616E /* LaunchScreen.storyboard */,
				14C19020223596DC0033616E /* Info.plist */,
				14C190482235A2710033616E /* Localizable.strings */,
			);
			path = ISICbalance;
			sourceTree = "<group>";
		};
		14C19028223596DC0033616E /* ISICbalanceTests */ = {
			isa = PBXGroup;
			children = (
				14C19029223596DC0033616E /* ISICbalanceTests.swift */,
				14C1902B223596DC0033616E /* Info.plist */,
			);
			path = ISICbalanceTests;
			sourceTree = "<group>";
		};
		14C19033223596DC0033616E /* ISICbalanceUITests */ = {
			isa = PBXGroup;
			children = (
				14C19034223596DC0033616E /* ISICbalanceUITests.swift */,
				14C19036223596DC0033616E /* Info.plist */,
			);
			path = ISICbalanceUITests;
			sourceTree = "<group>";
		};
		2B72B8C664D21E0754CB91FE /* Pods */ = {
			isa = PBXGroup;
			children = (
				C12E42D178DE26A99EA63740 /* Pods-ISICbalance.debug.xcconfig */,
				7695F100D2C06E2BFAABBB76 /* Pods-ISICbalance.release.xcconfig */,
				777FB23EEB0700F21DAC4BFD /* Pods-ISICbalanceTests.debug.xcconfig */,
				5A0EB4EB1D11AA9D0D4745C2 /* Pods-ISICbalanceTests.release.xcconfig */,
				793F80F41DAF4DBA58281D3B /* Pods-ISICbalanceUITests.debug.xcconfig */,
				29197844DA02E62F1CA90ECA /* Pods-ISICbalanceUITests.release.xcconfig */,
			);
			path = Pods;
			sourceTree = "<group>";
		};
		AD462197CDB172B06184ADBD /* Frameworks */ = {
			isa = PBXGroup;
			children = (
				D57334989AA940BFE89FD5F0 /* Pods_ISICbalance.framework */,
				A7FB51DD061D9D54ABBC90BC /* Pods_ISICbalanceTests.framework */,
				E56364188DEDFD08CFA79962 /* Pods_ISICbalanceUITests.framework */,
			);
			name = Frameworks;
			sourceTree = "<group>";
		};
/* End PBXGroup section */

/* Begin PBXNativeTarget section */
		14C19010223596DB0033616E /* ISICbalance */ = {
			isa = PBXNativeTarget;
			buildConfigurationList = 14C19039223596DC0033616E /* Build configuration list for PBXNativeTarget "ISICbalance" */;
			buildPhases = (
				DC04ABB6D7E2BD93A93B0384 /* [CP] Check Pods Manifest.lock */,
				14C1900D223596DB0033616E /* Sources */,
				14C1900E223596DB0033616E /* Frameworks */,
				14C1900F223596DB0033616E /* Resources */,
				6F99804768FC419580689CB6 /* [CP] Embed Pods Frameworks */,
			);
			buildRules = (
			);
			dependencies = (
			);
			name = ISICbalance;
			productName = ISICbalance;
			productReference = 14C19011223596DB0033616E /* ISICbalance.app */;
			productType = "com.apple.product-type.application";
		};
		14C19024223596DC0033616E /* ISICbalanceTests */ = {
			isa = PBXNativeTarget;
			buildConfigurationList = 14C1903C223596DC0033616E /* Build configuration list for PBXNativeTarget "ISICbalanceTests" */;
			buildPhases = (
				5E70729B2234393388FD6A39 /* [CP] Check Pods Manifest.lock */,
				14C19021223596DC0033616E /* Sources */,
				14C19022223596DC0033616E /* Frameworks */,
				14C19023223596DC0033616E /* Resources */,
			);
			buildRules = (
			);
			dependencies = (
				14C19027223596DC0033616E /* PBXTargetDependency */,
			);
			name = ISICbalanceTests;
			productName = ISICbalanceTests;
			productReference = 14C19025223596DC0033616E /* ISICbalanceTests.xctest */;
			productType = "com.apple.product-type.bundle.unit-test";
		};
		14C1902F223596DC0033616E /* ISICbalanceUITests */ = {
			isa = PBXNativeTarget;
			buildConfigurationList = 14C1903F223596DC0033616E /* Build configuration list for PBXNativeTarget "ISICbalanceUITests" */;
			buildPhases = (
				94C2DF04234BCB541DA78CE3 /* [CP] Check Pods Manifest.lock */,
				14C1902C223596DC0033616E /* Sources */,
				14C1902D223596DC0033616E /* Frameworks */,
				14C1902E223596DC0033616E /* Resources */,
			);
			buildRules = (
			);
			dependencies = (
				14C19032223596DC0033616E /* PBXTargetDependency */,
			);
			name = ISICbalanceUITests;
			productName = ISICbalanceUITests;
			productReference = 14C19030223596DC0033616E /* ISICbalanceUITests.xctest */;
			productType = "com.apple.product-type.bundle.ui-testing";
		};
/* End PBXNativeTarget section */

/* Begin PBXProject section */
		14C19009223596DB0033616E /* Project object */ = {
			isa = PBXProject;
			attributes = {
				LastSwiftUpdateCheck = 1010;
				LastUpgradeCheck = 1010;
				ORGANIZATIONNAME = "Rostislav Babáček";
				TargetAttributes = {
					14C19010223596DB0033616E = {
						CreatedOnToolsVersion = 10.1;
					};
					14C19024223596DC0033616E = {
						CreatedOnToolsVersion = 10.1;
						TestTargetID = 14C19010223596DB0033616E;
					};
					14C1902F223596DC0033616E = {
						CreatedOnToolsVersion = 10.1;
						TestTargetID = 14C19010223596DB0033616E;
					};
					14C1904B2235A46F0033616E = {
						CreatedOnToolsVersion = 10.1;
					};
				};
			};
			buildConfigurationList = 14C1900C223596DB0033616E /* Build configuration list for PBXProject "ISICbalance" */;
			compatibilityVersion = "Xcode 9.3";
			developmentRegion = en;
			hasScannedForEncodings = 0;
			knownRegions = (
				en,
				Base,
				cs,
			);
			mainGroup = 14C19008223596DB0033616E;
			productRefGroup = 14C19012223596DB0033616E /* Products */;
			projectDirPath = "";
			projectRoot = "";
			targets = (
				14C19010223596DB0033616E /* ISICbalance */,
				14C19024223596DC0033616E /* ISICbalanceTests */,
				14C1902F223596DC0033616E /* ISICbalanceUITests */,
				14C1904B2235A46F0033616E /* Localization */,
			);
		};
/* End PBXProject section */

/* Begin PBXResourcesBuildPhase section */
		14C1900F223596DB0033616E /* Resources */ = {
			isa = PBXResourcesBuildPhase;
			buildActionMask = 2147483647;
			files = (
				14C1901F223596DC0033616E /* LaunchScreen.storyboard in Resources */,
				14C190462235A2710033616E /* Localizable.strings in Resources */,
				14C1901C223596DC0033616E /* Assets.xcassets in Resources */,
				14C1901A223596DB0033616E /* Main.storyboard in Resources */,
			);
			runOnlyForDeploymentPostprocessing = 0;
		};
		14C19023223596DC0033616E /* Resources */ = {
			isa = PBXResourcesBuildPhase;
			buildActionMask = 2147483647;
			files = (
			);
			runOnlyForDeploymentPostprocessing = 0;
		};
		14C1902E223596DC0033616E /* Resources */ = {
			isa = PBXResourcesBuildPhase;
			buildActionMask = 2147483647;
			files = (
			);
			runOnlyForDeploymentPostprocessing = 0;
		};
/* End PBXResourcesBuildPhase section */

/* Begin PBXShellScriptBuildPhase section */
		14C1904F2235A4770033616E /* Download from spreadsheet */ = {
			isa = PBXShellScriptBuildPhase;
			buildActionMask = 2147483647;
			files = (
			);
			inputFileListPaths = (
			);
			inputPaths = (
			);
			name = "Download from spreadsheet";
			outputFileListPaths = (
			);
			outputPaths = (
			);
			runOnlyForDeploymentPostprocessing = 0;
			shellPath = /bin/sh;
			shellScript = "# https://docs.google.com/spreadsheets/d/1gPr9Fwnkyz64o7Gl_wUaT_Fel9SMIYymPsYi-8rTRcw/edit#gid=0\n#.Pods/ACKLocalization/Localization\" \"1vTt_5tavPcR3sr9MIBz7j4BG6HrlB9Uhu6_ddRfqgRVrLYvqO14VqZqFvrRsl6kw9xtiu850SVj0wXa\" \"key_ios\" '{\"EN\": \"en\", \"CS\": \"cs\"}' \"ISICbalance\" \"Localizable.strings\" \n\n\n\"$PROJECT_DIR/Pods/ACKLocalization/Localization\" \"1vTt_5tavPcR3sr9MIBz7j4BG6HrlB9Uhu6_ddRfqgRVrLYvqO14VqZqFvrRsl6kw9xtiu850SVj0wXa\" \"key_ios\" '{\"EN\": \"en\", \"CS\": \"cs\"}' \"$PROJECT_DIR/ISICbalance\" \"Localizable.strings\" \n";
		};
		5E70729B2234393388FD6A39 /* [CP] Check Pods Manifest.lock */ = {
			isa = PBXShellScriptBuildPhase;
			buildActionMask = 2147483647;
			files = (
			);
			inputFileListPaths = (
			);
			inputPaths = (
				"${PODS_PODFILE_DIR_PATH}/Podfile.lock",
				"${PODS_ROOT}/Manifest.lock",
			);
			name = "[CP] Check Pods Manifest.lock";
			outputFileListPaths = (
			);
			outputPaths = (
				"$(DERIVED_FILE_DIR)/Pods-ISICbalanceTests-checkManifestLockResult.txt",
			);
			runOnlyForDeploymentPostprocessing = 0;
			shellPath = /bin/sh;
			shellScript = "diff \"${PODS_PODFILE_DIR_PATH}/Podfile.lock\" \"${PODS_ROOT}/Manifest.lock\" > /dev/null\nif [ $? != 0 ] ; then\n    # print error to STDERR\n    echo \"error: The sandbox is not in sync with the Podfile.lock. Run 'pod install' or update your CocoaPods installation.\" >&2\n    exit 1\nfi\n# This output is used by Xcode 'outputs' to avoid re-running this script phase.\necho \"SUCCESS\" > \"${SCRIPT_OUTPUT_FILE_0}\"\n";
			showEnvVarsInLog = 0;
		};
		6F99804768FC419580689CB6 /* [CP] Embed Pods Frameworks */ = {
			isa = PBXShellScriptBuildPhase;
			buildActionMask = 2147483647;
			files = (
			);
			inputFileListPaths = (
			);
			inputPaths = (
				"${PODS_ROOT}/Target Support Files/Pods-ISICbalance/Pods-ISICbalance-frameworks.sh",
				"${BUILT_PRODUCTS_DIR}/SnapKit/SnapKit.framework",
			);
			name = "[CP] Embed Pods Frameworks";
			outputFileListPaths = (
			);
			outputPaths = (
				"${TARGET_BUILD_DIR}/${FRAMEWORKS_FOLDER_PATH}/SnapKit.framework",
			);
			runOnlyForDeploymentPostprocessing = 0;
			shellPath = /bin/sh;
			shellScript = "\"${PODS_ROOT}/Target Support Files/Pods-ISICbalance/Pods-ISICbalance-frameworks.sh\"\n";
			showEnvVarsInLog = 0;
		};
		94C2DF04234BCB541DA78CE3 /* [CP] Check Pods Manifest.lock */ = {
			isa = PBXShellScriptBuildPhase;
			buildActionMask = 2147483647;
			files = (
			);
			inputFileListPaths = (
			);
			inputPaths = (
				"${PODS_PODFILE_DIR_PATH}/Podfile.lock",
				"${PODS_ROOT}/Manifest.lock",
			);
			name = "[CP] Check Pods Manifest.lock";
			outputFileListPaths = (
			);
			outputPaths = (
				"$(DERIVED_FILE_DIR)/Pods-ISICbalanceUITests-checkManifestLockResult.txt",
			);
			runOnlyForDeploymentPostprocessing = 0;
			shellPath = /bin/sh;
			shellScript = "diff \"${PODS_PODFILE_DIR_PATH}/Podfile.lock\" \"${PODS_ROOT}/Manifest.lock\" > /dev/null\nif [ $? != 0 ] ; then\n    # print error to STDERR\n    echo \"error: The sandbox is not in sync with the Podfile.lock. Run 'pod install' or update your CocoaPods installation.\" >&2\n    exit 1\nfi\n# This output is used by Xcode 'outputs' to avoid re-running this script phase.\necho \"SUCCESS\" > \"${SCRIPT_OUTPUT_FILE_0}\"\n";
			showEnvVarsInLog = 0;
		};
		DC04ABB6D7E2BD93A93B0384 /* [CP] Check Pods Manifest.lock */ = {
			isa = PBXShellScriptBuildPhase;
			buildActionMask = 2147483647;
			files = (
			);
			inputFileListPaths = (
			);
			inputPaths = (
				"${PODS_PODFILE_DIR_PATH}/Podfile.lock",
				"${PODS_ROOT}/Manifest.lock",
			);
			name = "[CP] Check Pods Manifest.lock";
			outputFileListPaths = (
			);
			outputPaths = (
				"$(DERIVED_FILE_DIR)/Pods-ISICbalance-checkManifestLockResult.txt",
			);
			runOnlyForDeploymentPostprocessing = 0;
			shellPath = /bin/sh;
			shellScript = "diff \"${PODS_PODFILE_DIR_PATH}/Podfile.lock\" \"${PODS_ROOT}/Manifest.lock\" > /dev/null\nif [ $? != 0 ] ; then\n    # print error to STDERR\n    echo \"error: The sandbox is not in sync with the Podfile.lock. Run 'pod install' or update your CocoaPods installation.\" >&2\n    exit 1\nfi\n# This output is used by Xcode 'outputs' to avoid re-running this script phase.\necho \"SUCCESS\" > \"${SCRIPT_OUTPUT_FILE_0}\"\n";
			showEnvVarsInLog = 0;
		};
/* End PBXShellScriptBuildPhase section */

/* Begin PBXSourcesBuildPhase section */
		14C1900D223596DB0033616E /* Sources */ = {
			isa = PBXSourcesBuildPhase;
			buildActionMask = 2147483647;
			files = (
				14C19017223596DB0033616E /* ViewController.swift in Sources */,
				14C19015223596DB0033616E /* AppDelegate.swift in Sources */,
			);
			runOnlyForDeploymentPostprocessing = 0;
		};
		14C19021223596DC0033616E /* Sources */ = {
			isa = PBXSourcesBuildPhase;
			buildActionMask = 2147483647;
			files = (
				14C1902A223596DC0033616E /* ISICbalanceTests.swift in Sources */,
			);
			runOnlyForDeploymentPostprocessing = 0;
		};
		14C1902C223596DC0033616E /* Sources */ = {
			isa = PBXSourcesBuildPhase;
			buildActionMask = 2147483647;
			files = (
				14C19035223596DC0033616E /* ISICbalanceUITests.swift in Sources */,
			);
			runOnlyForDeploymentPostprocessing = 0;
		};
/* End PBXSourcesBuildPhase section */

/* Begin PBXTargetDependency section */
		14C19027223596DC0033616E /* PBXTargetDependency */ = {
			isa = PBXTargetDependency;
			target = 14C19010223596DB0033616E /* ISICbalance */;
			targetProxy = 14C19026223596DC0033616E /* PBXContainerItemProxy */;
		};
		14C19032223596DC0033616E /* PBXTargetDependency */ = {
			isa = PBXTargetDependency;
			target = 14C19010223596DB0033616E /* ISICbalance */;
			targetProxy = 14C19031223596DC0033616E /* PBXContainerItemProxy */;
		};
/* End PBXTargetDependency section */

/* Begin PBXVariantGroup section */
		14C19018223596DB0033616E /* Main.storyboard */ = {
			isa = PBXVariantGroup;
			children = (
				14C19019223596DB0033616E /* Base */,
			);
			name = Main.storyboard;
			sourceTree = "<group>";
		};
		14C1901D223596DC0033616E /* LaunchScreen.storyboard */ = {
			isa = PBXVariantGroup;
			children = (
				14C1901E223596DC0033616E /* Base */,
			);
			name = LaunchScreen.storyboard;
			sourceTree = "<group>";
		};
		14C190482235A2710033616E /* Localizable.strings */ = {
			isa = PBXVariantGroup;
			children = (
				14C190472235A2710033616E /* en */,
				14C190492235A2840033616E /* cs */,
			);
			name = Localizable.strings;
			sourceTree = "<group>";
		};
/* End PBXVariantGroup section */

/* Begin XCBuildConfiguration section */
		14C19037223596DC0033616E /* Debug */ = {
			isa = XCBuildConfiguration;
			buildSettings = {
				ALWAYS_SEARCH_USER_PATHS = NO;
				CLANG_ANALYZER_LOCALIZABILITY_NONLOCALIZED = YES;
				CLANG_ANALYZER_NONNULL = YES;
				CLANG_ANALYZER_NUMBER_OBJECT_CONVERSION = YES_AGGRESSIVE;
				CLANG_CXX_LANGUAGE_STANDARD = "gnu++14";
				CLANG_CXX_LIBRARY = "libc++";
				CLANG_ENABLE_MODULES = YES;
				CLANG_ENABLE_OBJC_ARC = YES;
				CLANG_ENABLE_OBJC_WEAK = YES;
				CLANG_WARN_BLOCK_CAPTURE_AUTORELEASING = YES;
				CLANG_WARN_BOOL_CONVERSION = YES;
				CLANG_WARN_COMMA = YES;
				CLANG_WARN_CONSTANT_CONVERSION = YES;
				CLANG_WARN_DEPRECATED_OBJC_IMPLEMENTATIONS = YES;
				CLANG_WARN_DIRECT_OBJC_ISA_USAGE = YES_ERROR;
				CLANG_WARN_DOCUMENTATION_COMMENTS = YES;
				CLANG_WARN_EMPTY_BODY = YES;
				CLANG_WARN_ENUM_CONVERSION = YES;
				CLANG_WARN_INFINITE_RECURSION = YES;
				CLANG_WARN_INT_CONVERSION = YES;
				CLANG_WARN_NON_LITERAL_NULL_CONVERSION = YES;
				CLANG_WARN_OBJC_IMPLICIT_RETAIN_SELF = YES;
				CLANG_WARN_OBJC_LITERAL_CONVERSION = YES;
				CLANG_WARN_OBJC_ROOT_CLASS = YES_ERROR;
				CLANG_WARN_RANGE_LOOP_ANALYSIS = YES;
				CLANG_WARN_STRICT_PROTOTYPES = YES;
				CLANG_WARN_SUSPICIOUS_MOVE = YES;
				CLANG_WARN_UNGUARDED_AVAILABILITY = YES_AGGRESSIVE;
				CLANG_WARN_UNREACHABLE_CODE = YES;
				CLANG_WARN__DUPLICATE_METHOD_MATCH = YES;
				CODE_SIGN_IDENTITY = "iPhone Developer";
				COPY_PHASE_STRIP = NO;
				DEBUG_INFORMATION_FORMAT = dwarf;
				ENABLE_STRICT_OBJC_MSGSEND = YES;
				ENABLE_TESTABILITY = YES;
				GCC_C_LANGUAGE_STANDARD = gnu11;
				GCC_DYNAMIC_NO_PIC = NO;
				GCC_NO_COMMON_BLOCKS = YES;
				GCC_OPTIMIZATION_LEVEL = 0;
				GCC_PREPROCESSOR_DEFINITIONS = (
					"DEBUG=1",
					"$(inherited)",
				);
				GCC_WARN_64_TO_32_BIT_CONVERSION = YES;
				GCC_WARN_ABOUT_RETURN_TYPE = YES_ERROR;
				GCC_WARN_UNDECLARED_SELECTOR = YES;
				GCC_WARN_UNINITIALIZED_AUTOS = YES_AGGRESSIVE;
				GCC_WARN_UNUSED_FUNCTION = YES;
				GCC_WARN_UNUSED_VARIABLE = YES;
				IPHONEOS_DEPLOYMENT_TARGET = 12.1;
				MTL_ENABLE_DEBUG_INFO = INCLUDE_SOURCE;
				MTL_FAST_MATH = YES;
				ONLY_ACTIVE_ARCH = YES;
				SDKROOT = iphoneos;
				SWIFT_ACTIVE_COMPILATION_CONDITIONS = DEBUG;
				SWIFT_OPTIMIZATION_LEVEL = "-Onone";
			};
			name = Debug;
		};
		14C19038223596DC0033616E /* Release */ = {
			isa = XCBuildConfiguration;
			buildSettings = {
				ALWAYS_SEARCH_USER_PATHS = NO;
				CLANG_ANALYZER_LOCALIZABILITY_NONLOCALIZED = YES;
				CLANG_ANALYZER_NONNULL = YES;
				CLANG_ANALYZER_NUMBER_OBJECT_CONVERSION = YES_AGGRESSIVE;
				CLANG_CXX_LANGUAGE_STANDARD = "gnu++14";
				CLANG_CXX_LIBRARY = "libc++";
				CLANG_ENABLE_MODULES = YES;
				CLANG_ENABLE_OBJC_ARC = YES;
				CLANG_ENABLE_OBJC_WEAK = YES;
				CLANG_WARN_BLOCK_CAPTURE_AUTORELEASING = YES;
				CLANG_WARN_BOOL_CONVERSION = YES;
				CLANG_WARN_COMMA = YES;
				CLANG_WARN_CONSTANT_CONVERSION = YES;
				CLANG_WARN_DEPRECATED_OBJC_IMPLEMENTATIONS = YES;
				CLANG_WARN_DIRECT_OBJC_ISA_USAGE = YES_ERROR;
				CLANG_WARN_DOCUMENTATION_COMMENTS = YES;
				CLANG_WARN_EMPTY_BODY = YES;
				CLANG_WARN_ENUM_CONVERSION = YES;
				CLANG_WARN_INFINITE_RECURSION = YES;
				CLANG_WARN_INT_CONVERSION = YES;
				CLANG_WARN_NON_LITERAL_NULL_CONVERSION = YES;
				CLANG_WARN_OBJC_IMPLICIT_RETAIN_SELF = YES;
				CLANG_WARN_OBJC_LITERAL_CONVERSION = YES;
				CLANG_WARN_OBJC_ROOT_CLASS = YES_ERROR;
				CLANG_WARN_RANGE_LOOP_ANALYSIS = YES;
				CLANG_WARN_STRICT_PROTOTYPES = YES;
				CLANG_WARN_SUSPICIOUS_MOVE = YES;
				CLANG_WARN_UNGUARDED_AVAILABILITY = YES_AGGRESSIVE;
				CLANG_WARN_UNREACHABLE_CODE = YES;
				CLANG_WARN__DUPLICATE_METHOD_MATCH = YES;
				CODE_SIGN_IDENTITY = "iPhone Developer";
				COPY_PHASE_STRIP = NO;
				DEBUG_INFORMATION_FORMAT = "dwarf-with-dsym";
				ENABLE_NS_ASSERTIONS = NO;
				ENABLE_STRICT_OBJC_MSGSEND = YES;
				GCC_C_LANGUAGE_STANDARD = gnu11;
				GCC_NO_COMMON_BLOCKS = YES;
				GCC_WARN_64_TO_32_BIT_CONVERSION = YES;
				GCC_WARN_ABOUT_RETURN_TYPE = YES_ERROR;
				GCC_WARN_UNDECLARED_SELECTOR = YES;
				GCC_WARN_UNINITIALIZED_AUTOS = YES_AGGRESSIVE;
				GCC_WARN_UNUSED_FUNCTION = YES;
				GCC_WARN_UNUSED_VARIABLE = YES;
				IPHONEOS_DEPLOYMENT_TARGET = 12.1;
				MTL_ENABLE_DEBUG_INFO = NO;
				MTL_FAST_MATH = YES;
				SDKROOT = iphoneos;
				SWIFT_COMPILATION_MODE = wholemodule;
				SWIFT_OPTIMIZATION_LEVEL = "-O";
				VALIDATE_PRODUCT = YES;
			};
			name = Release;
		};
		14C1903A223596DC0033616E /* Debug */ = {
			isa = XCBuildConfiguration;
			baseConfigurationReference = C12E42D178DE26A99EA63740 /* Pods-ISICbalance.debug.xcconfig */;
			buildSettings = {
				ASSETCATALOG_COMPILER_APPICON_NAME = AppIcon;
				CODE_SIGN_STYLE = Automatic;
				INFOPLIST_FILE = ISICbalance/Info.plist;
				LD_RUNPATH_SEARCH_PATHS = (
					"$(inherited)",
					"@executable_path/Frameworks",
				);
				PRODUCT_BUNDLE_IDENTIFIER = eu.cz.babacros.ISICbalance;
				PRODUCT_NAME = "$(TARGET_NAME)";
				SWIFT_VERSION = 4.2;
				TARGETED_DEVICE_FAMILY = "1,2";
			};
			name = Debug;
		};
		14C1903B223596DC0033616E /* Release */ = {
			isa = XCBuildConfiguration;
			baseConfigurationReference = 7695F100D2C06E2BFAABBB76 /* Pods-ISICbalance.release.xcconfig */;
			buildSettings = {
				ASSETCATALOG_COMPILER_APPICON_NAME = AppIcon;
				CODE_SIGN_STYLE = Automatic;
				INFOPLIST_FILE = ISICbalance/Info.plist;
				LD_RUNPATH_SEARCH_PATHS = (
					"$(inherited)",
					"@executable_path/Frameworks",
				);
				PRODUCT_BUNDLE_IDENTIFIER = eu.cz.babacros.ISICbalance;
				PRODUCT_NAME = "$(TARGET_NAME)";
				SWIFT_VERSION = 4.2;
				TARGETED_DEVICE_FAMILY = "1,2";
			};
			name = Release;
		};
		14C1903D223596DC0033616E /* Debug */ = {
			isa = XCBuildConfiguration;
			baseConfigurationReference = 777FB23EEB0700F21DAC4BFD /* Pods-ISICbalanceTests.debug.xcconfig */;
			buildSettings = {
				ALWAYS_EMBED_SWIFT_STANDARD_LIBRARIES = YES;
				BUNDLE_LOADER = "$(TEST_HOST)";
				CODE_SIGN_STYLE = Automatic;
				INFOPLIST_FILE = ISICbalanceTests/Info.plist;
				LD_RUNPATH_SEARCH_PATHS = (
					"$(inherited)",
					"@executable_path/Frameworks",
					"@loader_path/Frameworks",
				);
				PRODUCT_BUNDLE_IDENTIFIER = eu.cz.babacros.ISICbalanceTests;
				PRODUCT_NAME = "$(TARGET_NAME)";
				SWIFT_VERSION = 4.2;
				TARGETED_DEVICE_FAMILY = "1,2";
				TEST_HOST = "$(BUILT_PRODUCTS_DIR)/ISICbalance.app/ISICbalance";
			};
			name = Debug;
		};
		14C1903E223596DC0033616E /* Release */ = {
			isa = XCBuildConfiguration;
			baseConfigurationReference = 5A0EB4EB1D11AA9D0D4745C2 /* Pods-ISICbalanceTests.release.xcconfig */;
			buildSettings = {
				ALWAYS_EMBED_SWIFT_STANDARD_LIBRARIES = YES;
				BUNDLE_LOADER = "$(TEST_HOST)";
				CODE_SIGN_STYLE = Automatic;
				INFOPLIST_FILE = ISICbalanceTests/Info.plist;
				LD_RUNPATH_SEARCH_PATHS = (
					"$(inherited)",
					"@executable_path/Frameworks",
					"@loader_path/Frameworks",
				);
				PRODUCT_BUNDLE_IDENTIFIER = eu.cz.babacros.ISICbalanceTests;
				PRODUCT_NAME = "$(TARGET_NAME)";
				SWIFT_VERSION = 4.2;
				TARGETED_DEVICE_FAMILY = "1,2";
				TEST_HOST = "$(BUILT_PRODUCTS_DIR)/ISICbalance.app/ISICbalance";
			};
			name = Release;
		};
		14C19040223596DC0033616E /* Debug */ = {
			isa = XCBuildConfiguration;
			baseConfigurationReference = 793F80F41DAF4DBA58281D3B /* Pods-ISICbalanceUITests.debug.xcconfig */;
			buildSettings = {
				ALWAYS_EMBED_SWIFT_STANDARD_LIBRARIES = YES;
				CODE_SIGN_STYLE = Automatic;
				INFOPLIST_FILE = ISICbalanceUITests/Info.plist;
				LD_RUNPATH_SEARCH_PATHS = (
					"$(inherited)",
					"@executable_path/Frameworks",
					"@loader_path/Frameworks",
				);
				PRODUCT_BUNDLE_IDENTIFIER = eu.cz.babacros.ISICbalanceUITests;
				PRODUCT_NAME = "$(TARGET_NAME)";
				SWIFT_VERSION = 4.2;
				TARGETED_DEVICE_FAMILY = "1,2";
				TEST_TARGET_NAME = ISICbalance;
			};
			name = Debug;
		};
		14C19041223596DC0033616E /* Release */ = {
			isa = XCBuildConfiguration;
			baseConfigurationReference = 29197844DA02E62F1CA90ECA /* Pods-ISICbalanceUITests.release.xcconfig */;
			buildSettings = {
				ALWAYS_EMBED_SWIFT_STANDARD_LIBRARIES = YES;
				CODE_SIGN_STYLE = Automatic;
				INFOPLIST_FILE = ISICbalanceUITests/Info.plist;
				LD_RUNPATH_SEARCH_PATHS = (
					"$(inherited)",
					"@executable_path/Frameworks",
					"@loader_path/Frameworks",
				);
				PRODUCT_BUNDLE_IDENTIFIER = eu.cz.babacros.ISICbalanceUITests;
				PRODUCT_NAME = "$(TARGET_NAME)";
				SWIFT_VERSION = 4.2;
				TARGETED_DEVICE_FAMILY = "1,2";
				TEST_TARGET_NAME = ISICbalance;
			};
			name = Release;
		};
		14C1904D2235A4700033616E /* Debug */ = {
			isa = XCBuildConfiguration;
			buildSettings = {
				CODE_SIGN_STYLE = Automatic;
				PRODUCT_NAME = "$(TARGET_NAME)";
			};
			name = Debug;
		};
		14C1904E2235A4700033616E /* Release */ = {
			isa = XCBuildConfiguration;
			buildSettings = {
				CODE_SIGN_STYLE = Automatic;
				PRODUCT_NAME = "$(TARGET_NAME)";
			};
			name = Release;
		};
/* End XCBuildConfiguration section */

/* Begin XCConfigurationList section */
		14C1900C223596DB0033616E /* Build configuration list for PBXProject "ISICbalance" */ = {
			isa = XCConfigurationList;
			buildConfigurations = (
				14C19037223596DC0033616E /* Debug */,
				14C19038223596DC0033616E /* Release */,
			);
			defaultConfigurationIsVisible = 0;
			defaultConfigurationName = Release;
		};
		14C19039223596DC0033616E /* Build configuration list for PBXNativeTarget "ISICbalance" */ = {
			isa = XCConfigurationList;
			buildConfigurations = (
				14C1903A223596DC0033616E /* Debug */,
				14C1903B223596DC0033616E /* Release */,
			);
			defaultConfigurationIsVisible = 0;
			defaultConfigurationName = Release;
		};
		14C1903C223596DC0033616E /* Build configuration list for PBXNativeTarget "ISICbalanceTests" */ = {
			isa = XCConfigurationList;
			buildConfigurations = (
				14C1903D223596DC0033616E /* Debug */,
				14C1903E223596DC0033616E /* Release */,
			);
			defaultConfigurationIsVisible = 0;
			defaultConfigurationName = Release;
		};
		14C1903F223596DC0033616E /* Build configuration list for PBXNativeTarget "ISICbalanceUITests" */ = {
			isa = XCConfigurationList;
			buildConfigurations = (
				14C19040223596DC0033616E /* Debug */,
				14C19041223596DC0033616E /* Release */,
			);
			defaultConfigurationIsVisible = 0;
			defaultConfigurationName = Release;
		};
		14C1904C2235A4700033616E /* Build configuration list for PBXAggregateTarget "Localization" */ = {
			isa = XCConfigurationList;
			buildConfigurations = (
				14C1904D2235A4700033616E /* Debug */,
				14C1904E2235A4700033616E /* Release */,
			);
			defaultConfigurationIsVisible = 0;
			defaultConfigurationName = Release;
		};
/* End XCConfigurationList section */
	};
	rootObject = 14C19009223596DB0033616E /* Project object */;
}
